// !$*UTF8*$!
{
	archiveVersion = 1;
	classes = {
	};
	objectVersion = 56;
	objects = {

/* Begin PBXBuildFile section */
		84B8BA422A3A3F7A008538C3 /* AppDelegate.swift in Sources */ = {isa = PBXBuildFile; fileRef = 84B8BA412A3A3F7A008538C3 /* AppDelegate.swift */; };
		84B8BA442A3A3F7A008538C3 /* SceneDelegate.swift in Sources */ = {isa = PBXBuildFile; fileRef = 84B8BA432A3A3F7A008538C3 /* SceneDelegate.swift */; };
		84B8BA462A3A3F7A008538C3 /* ViewController.swift in Sources */ = {isa = PBXBuildFile; fileRef = 84B8BA452A3A3F7A008538C3 /* ViewController.swift */; };
		84B8BA492A3A3F7A008538C3 /* Main.storyboard in Resources */ = {isa = PBXBuildFile; fileRef = 84B8BA472A3A3F7A008538C3 /* Main.storyboard */; };
		84B8BA4B2A3A3F7C008538C3 /* Assets.xcassets in Resources */ = {isa = PBXBuildFile; fileRef = 84B8BA4A2A3A3F7C008538C3 /* Assets.xcassets */; };
		84B8BA4E2A3A3F7C008538C3 /* LaunchScreen.storyboard in Resources */ = {isa = PBXBuildFile; fileRef = 84B8BA4C2A3A3F7C008538C3 /* LaunchScreen.storyboard */; };
		84B8BA5B2A3A513B008538C3 /* SpringAnimation in Frameworks */ = {isa = PBXBuildFile; productRef = 84B8BA5A2A3A513B008538C3 /* SpringAnimation */; };
		84B8BA5D2A3A5455008538C3 /* DataStore.swift in Sources */ = {isa = PBXBuildFile; fileRef = 84B8BA5C2A3A5455008538C3 /* DataStore.swift */; };
		84B8BA602A3A54A3008538C3 /* Models.swift in Sources */ = {isa = PBXBuildFile; fileRef = 84B8BA5F2A3A54A3008538C3 /* Models.swift */; };
/* End PBXBuildFile section */

/* Begin PBXFileReference section */
		84B8BA3E2A3A3F7A008538C3 /* SpringAnimationApp.app */ = {isa = PBXFileReference; explicitFileType = wrapper.application; includeInIndex = 0; path = SpringAnimationApp.app; sourceTree = BUILT_PRODUCTS_DIR; };
		84B8BA412A3A3F7A008538C3 /* AppDelegate.swift */ = {isa = PBXFileReference; lastKnownFileType = sourcecode.swift; path = AppDelegate.swift; sourceTree = "<group>"; };
		84B8BA432A3A3F7A008538C3 /* SceneDelegate.swift */ = {isa = PBXFileReference; lastKnownFileType = sourcecode.swift; path = SceneDelegate.swift; sourceTree = "<group>"; };
		84B8BA452A3A3F7A008538C3 /* ViewController.swift */ = {isa = PBXFileReference; lastKnownFileType = sourcecode.swift; path = ViewController.swift; sourceTree = "<group>"; };
		84B8BA482A3A3F7A008538C3 /* Base */ = {isa = PBXFileReference; lastKnownFileType = file.storyboard; name = Base; path = Base.lproj/Main.storyboard; sourceTree = "<group>"; };
		84B8BA4A2A3A3F7C008538C3 /* Assets.xcassets */ = {isa = PBXFileReference; lastKnownFileType = folder.assetcatalog; path = Assets.xcassets; sourceTree = "<group>"; };
		84B8BA4D2A3A3F7C008538C3 /* Base */ = {isa = PBXFileReference; lastKnownFileType = file.storyboard; name = Base; path = Base.lproj/LaunchScreen.storyboard; sourceTree = "<group>"; };
		84B8BA4F2A3A3F7C008538C3 /* Info.plist */ = {isa = PBXFileReference; lastKnownFileType = text.plist.xml; path = Info.plist; sourceTree = "<group>"; };
		84B8BA5C2A3A5455008538C3 /* DataStore.swift */ = {isa = PBXFileReference; lastKnownFileType = sourcecode.swift; path = DataStore.swift; sourceTree = "<group>"; };
		84B8BA5F2A3A54A3008538C3 /* Models.swift */ = {isa = PBXFileReference; lastKnownFileType = sourcecode.swift; path = Models.swift; sourceTree = "<group>"; };
/* End PBXFileReference section */

/* Begin PBXFrameworksBuildPhase section */
		84B8BA3B2A3A3F7A008538C3 /* Frameworks */ = {
			isa = PBXFrameworksBuildPhase;
			buildActionMask = 2147483647;
			files = (
				84B8BA5B2A3A513B008538C3 /* SpringAnimation in Frameworks */,
			);
			runOnlyForDeploymentPostprocessing = 0;
		};
/* End PBXFrameworksBuildPhase section */

/* Begin PBXGroup section */
		84B8BA352A3A3F7A008538C3 = {
			isa = PBXGroup;
			children = (
				84B8BA402A3A3F7A008538C3 /* SpringAnimation */,
				84B8BA3F2A3A3F7A008538C3 /* Products */,
			);
			sourceTree = "<group>";
		};
		84B8BA3F2A3A3F7A008538C3 /* Products */ = {
			isa = PBXGroup;
			children = (
				84B8BA3E2A3A3F7A008538C3 /* SpringAnimationApp.app */,
			);
			name = Products;
			sourceTree = "<group>";
		};
		84B8BA402A3A3F7A008538C3 /* SpringAnimation */ = {
			isa = PBXGroup;
			children = (
				84B8BA612A3A54AA008538C3 /* Models */,
				84B8BA5E2A3A548A008538C3 /* DataStore */,
				84B8BA552A3A3F91008538C3 /* App */,
				84B8BA562A3A3F9E008538C3 /* ViewControllers */,
				84B8BA572A3A3FA9008538C3 /* Storyboards */,
				84B8BA582A3A3FB6008538C3 /* Resources */,
			);
			path = SpringAnimation;
			sourceTree = "<group>";
		};
		84B8BA552A3A3F91008538C3 /* App */ = {
			isa = PBXGroup;
			children = (
				84B8BA4F2A3A3F7C008538C3 /* Info.plist */,
				84B8BA412A3A3F7A008538C3 /* AppDelegate.swift */,
				84B8BA432A3A3F7A008538C3 /* SceneDelegate.swift */,
			);
			path = App;
			sourceTree = "<group>";
		};
		84B8BA562A3A3F9E008538C3 /* ViewControllers */ = {
			isa = PBXGroup;
			children = (
				84B8BA452A3A3F7A008538C3 /* ViewController.swift */,
			);
			path = ViewControllers;
			sourceTree = "<group>";
		};
		84B8BA572A3A3FA9008538C3 /* Storyboards */ = {
			isa = PBXGroup;
			children = (
				84B8BA472A3A3F7A008538C3 /* Main.storyboard */,
				84B8BA4C2A3A3F7C008538C3 /* LaunchScreen.storyboard */,
			);
			path = Storyboards;
			sourceTree = "<group>";
		};
		84B8BA582A3A3FB6008538C3 /* Resources */ = {
			isa = PBXGroup;
			children = (
				84B8BA4A2A3A3F7C008538C3 /* Assets.xcassets */,
			);
			path = Resources;
			sourceTree = "<group>";
		};
		84B8BA5E2A3A548A008538C3 /* DataStore */ = {
			isa = PBXGroup;
			children = (
				84B8BA5C2A3A5455008538C3 /* DataStore.swift */,
			);
			path = DataStore;
			sourceTree = "<group>";
		};
		84B8BA612A3A54AA008538C3 /* Models */ = {
			isa = PBXGroup;
			children = (
				84B8BA5F2A3A54A3008538C3 /* Models.swift */,
			);
			path = Models;
			sourceTree = "<group>";
		};
/* End PBXGroup section */

/* Begin PBXNativeTarget section */
		84B8BA3D2A3A3F7A008538C3 /* SpringAnimationApp */ = {
			isa = PBXNativeTarget;
			buildConfigurationList = 84B8BA522A3A3F7C008538C3 /* Build configuration list for PBXNativeTarget "SpringAnimationApp" */;
			buildPhases = (
				84B8BA3A2A3A3F7A008538C3 /* Sources */,
				84B8BA3B2A3A3F7A008538C3 /* Frameworks */,
				84B8BA3C2A3A3F7A008538C3 /* Resources */,
			);
			buildRules = (
			);
			dependencies = (
			);
			name = SpringAnimationApp;
			packageProductDependencies = (
				84B8BA5A2A3A513B008538C3 /* SpringAnimation */,
			);
			productName = SpringAnimation;
			productReference = 84B8BA3E2A3A3F7A008538C3 /* SpringAnimationApp.app */;
			productType = "com.apple.product-type.application";
		};
/* End PBXNativeTarget section */

/* Begin PBXProject section */
		84B8BA362A3A3F7A008538C3 /* Project object */ = {
			isa = PBXProject;
			attributes = {
				BuildIndependentTargetsInParallel = 1;
				LastSwiftUpdateCheck = 1430;
				LastUpgradeCheck = 1430;
				TargetAttributes = {
					84B8BA3D2A3A3F7A008538C3 = {
						CreatedOnToolsVersion = 14.3;
					};
				};
			};
			buildConfigurationList = 84B8BA392A3A3F7A008538C3 /* Build configuration list for PBXProject "SpringAnimationApp" */;
			compatibilityVersion = "Xcode 14.0";
			developmentRegion = en;
			hasScannedForEncodings = 0;
			knownRegions = (
				en,
				Base,
			);
			mainGroup = 84B8BA352A3A3F7A008538C3;
			packageReferences = (
				84B8BA592A3A513B008538C3 /* XCRemoteSwiftPackageReference "SpringAnimation" */,
			);
			productRefGroup = 84B8BA3F2A3A3F7A008538C3 /* Products */;
			projectDirPath = "";
			projectRoot = "";
			targets = (
				84B8BA3D2A3A3F7A008538C3 /* SpringAnimationApp */,
			);
		};
/* End PBXProject section */

/* Begin PBXResourcesBuildPhase section */
		84B8BA3C2A3A3F7A008538C3 /* Resources */ = {
			isa = PBXResourcesBuildPhase;
			buildActionMask = 2147483647;
			files = (
				84B8BA4E2A3A3F7C008538C3 /* LaunchScreen.storyboard in Resources */,
				84B8BA4B2A3A3F7C008538C3 /* Assets.xcassets in Resources */,
				84B8BA492A3A3F7A008538C3 /* Main.storyboard in Resources */,
			);
			runOnlyForDeploymentPostprocessing = 0;
		};
/* End PBXResourcesBuildPhase section */

/* Begin PBXSourcesBuildPhase section */
		84B8BA3A2A3A3F7A008538C3 /* Sources */ = {
			isa = PBXSourcesBuildPhase;
			buildActionMask = 2147483647;
			files = (
				84B8BA462A3A3F7A008538C3 /* ViewController.swift in Sources */,
				84B8BA5D2A3A5455008538C3 /* DataStore.swift in Sources */,
				84B8BA422A3A3F7A008538C3 /* AppDelegate.swift in Sources */,
				84B8BA442A3A3F7A008538C3 /* SceneDelegate.swift in Sources */,
				84B8BA602A3A54A3008538C3 /* Models.swift in Sources */,
			);
			runOnlyForDeploymentPostprocessing = 0;
		};
/* End PBXSourcesBuildPhase section */

/* Begin PBXVariantGroup section */
		84B8BA472A3A3F7A008538C3 /* Main.storyboard */ = {
			isa = PBXVariantGroup;
			children = (
				84B8BA482A3A3F7A008538C3 /* Base */,
			);
			name = Main.storyboard;
			sourceTree = "<group>";
		};
		84B8BA4C2A3A3F7C008538C3 /* LaunchScreen.storyboard */ = {
			isa = PBXVariantGroup;
			children = (
				84B8BA4D2A3A3F7C008538C3 /* Base */,
			);
			name = LaunchScreen.storyboard;
			sourceTree = "<group>";
		};
/* End PBXVariantGroup section */

/* Begin XCBuildConfiguration section */
		84B8BA502A3A3F7C008538C3 /* Debug */ = {
			isa = XCBuildConfiguration;
			buildSettings = {
				ALWAYS_SEARCH_USER_PATHS = NO;
				CLANG_ANALYZER_NONNULL = YES;
				CLANG_ANALYZER_NUMBER_OBJECT_CONVERSION = YES_AGGRESSIVE;
				CLANG_CXX_LANGUAGE_STANDARD = "gnu++20";
				CLANG_ENABLE_MODULES = YES;
				CLANG_ENABLE_OBJC_ARC = YES;
				CLANG_ENABLE_OBJC_WEAK = YES;
				CLANG_WARN_BLOCK_CAPTURE_AUTORELEASING = YES;
				CLANG_WARN_BOOL_CONVERSION = YES;
				CLANG_WARN_COMMA = YES;
				CLANG_WARN_CONSTANT_CONVERSION = YES;
				CLANG_WARN_DEPRECATED_OBJC_IMPLEMENTATIONS = YES;
				CLANG_WARN_DIRECT_OBJC_ISA_USAGE = YES_ERROR;
				CLANG_WARN_DOCUMENTATION_COMMENTS = YES;
				CLANG_WARN_EMPTY_BODY = YES;
				CLANG_WARN_ENUM_CONVERSION = YES;
				CLANG_WARN_INFINITE_RECURSION = YES;
				CLANG_WARN_INT_CONVERSION = YES;
				CLANG_WARN_NON_LITERAL_NULL_CONVERSION = YES;
				CLANG_WARN_OBJC_IMPLICIT_RETAIN_SELF = YES;
				CLANG_WARN_OBJC_LITERAL_CONVERSION = YES;
				CLANG_WARN_OBJC_ROOT_CLASS = YES_ERROR;
				CLANG_WARN_QUOTED_INCLUDE_IN_FRAMEWORK_HEADER = YES;
				CLANG_WARN_RANGE_LOOP_ANALYSIS = YES;
				CLANG_WARN_STRICT_PROTOTYPES = YES;
				CLANG_WARN_SUSPICIOUS_MOVE = YES;
				CLANG_WARN_UNGUARDED_AVAILABILITY = YES_AGGRESSIVE;
				CLANG_WARN_UNREACHABLE_CODE = YES;
				CLANG_WARN__DUPLICATE_METHOD_MATCH = YES;
				COPY_PHASE_STRIP = NO;
				DEBUG_INFORMATION_FORMAT = dwarf;
				ENABLE_STRICT_OBJC_MSGSEND = YES;
				ENABLE_TESTABILITY = YES;
				GCC_C_LANGUAGE_STANDARD = gnu11;
				GCC_DYNAMIC_NO_PIC = NO;
				GCC_NO_COMMON_BLOCKS = YES;
				GCC_OPTIMIZATION_LEVEL = 0;
				GCC_PREPROCESSOR_DEFINITIONS = (
					"DEBUG=1",
					"$(inherited)",
				);
				GCC_WARN_64_TO_32_BIT_CONVERSION = YES;
				GCC_WARN_ABOUT_RETURN_TYPE = YES_ERROR;
				GCC_WARN_UNDECLARED_SELECTOR = YES;
				GCC_WARN_UNINITIALIZED_AUTOS = YES_AGGRESSIVE;
				GCC_WARN_UNUSED_FUNCTION = YES;
				GCC_WARN_UNUSED_VARIABLE = YES;
				IPHONEOS_DEPLOYMENT_TARGET = 16.4;
				MTL_ENABLE_DEBUG_INFO = INCLUDE_SOURCE;
				MTL_FAST_MATH = YES;
				ONLY_ACTIVE_ARCH = YES;
				SDKROOT = iphoneos;
				SWIFT_ACTIVE_COMPILATION_CONDITIONS = DEBUG;
				SWIFT_OPTIMIZATION_LEVEL = "-Onone";
			};
			name = Debug;
		};
		84B8BA512A3A3F7C008538C3 /* Release */ = {
			isa = XCBuildConfiguration;
			buildSettings = {
				ALWAYS_SEARCH_USER_PATHS = NO;
				CLANG_ANALYZER_NONNULL = YES;
				CLANG_ANALYZER_NUMBER_OBJECT_CONVERSION = YES_AGGRESSIVE;
				CLANG_CXX_LANGUAGE_STANDARD = "gnu++20";
				CLANG_ENABLE_MODULES = YES;
				CLANG_ENABLE_OBJC_ARC = YES;
				CLANG_ENABLE_OBJC_WEAK = YES;
				CLANG_WARN_BLOCK_CAPTURE_AUTORELEASING = YES;
				CLANG_WARN_BOOL_CONVERSION = YES;
				CLANG_WARN_COMMA = YES;
				CLANG_WARN_CONSTANT_CONVERSION = YES;
				CLANG_WARN_DEPRECATED_OBJC_IMPLEMENTATIONS = YES;
				CLANG_WARN_DIRECT_OBJC_ISA_USAGE = YES_ERROR;
				CLANG_WARN_DOCUMENTATION_COMMENTS = YES;
				CLANG_WARN_EMPTY_BODY = YES;
				CLANG_WARN_ENUM_CONVERSION = YES;
				CLANG_WARN_INFINITE_RECURSION = YES;
				CLANG_WARN_INT_CONVERSION = YES;
				CLANG_WARN_NON_LITERAL_NULL_CONVERSION = YES;
				CLANG_WARN_OBJC_IMPLICIT_RETAIN_SELF = YES;
				CLANG_WARN_OBJC_LITERAL_CONVERSION = YES;
				CLANG_WARN_OBJC_ROOT_CLASS = YES_ERROR;
				CLANG_WARN_QUOTED_INCLUDE_IN_FRAMEWORK_HEADER = YES;
				CLANG_WARN_RANGE_LOOP_ANALYSIS = YES;
				CLANG_WARN_STRICT_PROTOTYPES = YES;
				CLANG_WARN_SUSPICIOUS_MOVE = YES;
				CLANG_WARN_UNGUARDED_AVAILABILITY = YES_AGGRESSIVE;
				CLANG_WARN_UNREACHABLE_CODE = YES;
				CLANG_WARN__DUPLICATE_METHOD_MATCH = YES;
				COPY_PHASE_STRIP = NO;
				DEBUG_INFORMATION_FORMAT = "dwarf-with-dsym";
				ENABLE_NS_ASSERTIONS = NO;
				ENABLE_STRICT_OBJC_MSGSEND = YES;
				GCC_C_LANGUAGE_STANDARD = gnu11;
				GCC_NO_COMMON_BLOCKS = YES;
				GCC_WARN_64_TO_32_BIT_CONVERSION = YES;
				GCC_WARN_ABOUT_RETURN_TYPE = YES_ERROR;
				GCC_WARN_UNDECLARED_SELECTOR = YES;
				GCC_WARN_UNINITIALIZED_AUTOS = YES_AGGRESSIVE;
				GCC_WARN_UNUSED_FUNCTION = YES;
				GCC_WARN_UNUSED_VARIABLE = YES;
				IPHONEOS_DEPLOYMENT_TARGET = 16.4;
				MTL_ENABLE_DEBUG_INFO = NO;
				MTL_FAST_MATH = YES;
				SDKROOT = iphoneos;
				SWIFT_COMPILATION_MODE = wholemodule;
				SWIFT_OPTIMIZATION_LEVEL = "-O";
				VALIDATE_PRODUCT = YES;
			};
			name = Release;
		};
		84B8BA532A3A3F7C008538C3 /* Debug */ = {
			isa = XCBuildConfiguration;
			buildSettings = {
				ASSETCATALOG_COMPILER_APPICON_NAME = AppIcon;
				ASSETCATALOG_COMPILER_GLOBAL_ACCENT_COLOR_NAME = AccentColor;
				CODE_SIGN_STYLE = Automatic;
				CURRENT_PROJECT_VERSION = 1;
				DEVELOPMENT_TEAM = 3QF3LQ7YF2;
				GENERATE_INFOPLIST_FILE = YES;
				INFOPLIST_FILE = SpringAnimation/App/Info.plist;
				INFOPLIST_KEY_UIApplicationSupportsIndirectInputEvents = YES;
				INFOPLIST_KEY_UILaunchStoryboardName = LaunchScreen;
				INFOPLIST_KEY_UIMainStoryboardFile = Main;
				INFOPLIST_KEY_UISupportedInterfaceOrientations_iPad = "UIInterfaceOrientationPortrait UIInterfaceOrientationPortraitUpsideDown UIInterfaceOrientationLandscapeLeft UIInterfaceOrientationLandscapeRight";
				INFOPLIST_KEY_UISupportedInterfaceOrientations_iPhone = "UIInterfaceOrientationPortrait UIInterfaceOrientationLandscapeLeft UIInterfaceOrientationLandscapeRight";
				LD_RUNPATH_SEARCH_PATHS = (
					"$(inherited)",
					"@executable_path/Frameworks",
				);
				MARKETING_VERSION = 1.0;
				PRODUCT_BUNDLE_IDENTIFIER = Playground.SpringAnimation;
				PRODUCT_NAME = "$(TARGET_NAME)";
				SUPPORTED_PLATFORMS = "iphoneos iphonesimulator";
				SUPPORTS_MACCATALYST = NO;
				SUPPORTS_MAC_DESIGNED_FOR_IPHONE_IPAD = NO;
				SWIFT_EMIT_LOC_STRINGS = YES;
				SWIFT_VERSION = 5.0;
				TARGETED_DEVICE_FAMILY = 1;
			};
			name = Debug;
		};
		84B8BA542A3A3F7C008538C3 /* Release */ = {
			isa = XCBuildConfiguration;
			buildSettings = {
				ASSETCATALOG_COMPILER_APPICON_NAME = AppIcon;
				ASSETCATALOG_COMPILER_GLOBAL_ACCENT_COLOR_NAME = AccentColor;
				CODE_SIGN_STYLE = Automatic;
				CURRENT_PROJECT_VERSION = 1;
				DEVELOPMENT_TEAM = 3QF3LQ7YF2;
				GENERATE_INFOPLIST_FILE = YES;
				INFOPLIST_FILE = SpringAnimation/App/Info.plist;
				INFOPLIST_KEY_UIApplicationSupportsIndirectInputEvents = YES;
				INFOPLIST_KEY_UILaunchStoryboardName = LaunchScreen;
				INFOPLIST_KEY_UIMainStoryboardFile = Main;
				INFOPLIST_KEY_UISupportedInterfaceOrientations_iPad = "UIInterfaceOrientationPortrait UIInterfaceOrientationPortraitUpsideDown UIInterfaceOrientationLandscapeLeft UIInterfaceOrientationLandscapeRight";
				INFOPLIST_KEY_UISupportedInterfaceOrientations_iPhone = "UIInterfaceOrientationPortrait UIInterfaceOrientationLandscapeLeft UIInterfaceOrientationLandscapeRight";
				LD_RUNPATH_SEARCH_PATHS = (
					"$(inherited)",
					"@executable_path/Frameworks",
				);
				MARKETING_VERSION = 1.0;
				PRODUCT_BUNDLE_IDENTIFIER = Playground.SpringAnimation;
				PRODUCT_NAME = "$(TARGET_NAME)";
				SUPPORTED_PLATFORMS = "iphoneos iphonesimulator";
				SUPPORTS_MACCATALYST = NO;
				SUPPORTS_MAC_DESIGNED_FOR_IPHONE_IPAD = NO;
				SWIFT_EMIT_LOC_STRINGS = YES;
				SWIFT_VERSION = 5.0;
				TARGETED_DEVICE_FAMILY = 1;
			};
			name = Release;
		};
/* End XCBuildConfiguration section */

/* Begin XCConfigurationList section */
		84B8BA392A3A3F7A008538C3 /* Build configuration list for PBXProject "SpringAnimationApp" */ = {
			isa = XCConfigurationList;
			buildConfigurations = (
				84B8BA502A3A3F7C008538C3 /* Debug */,
				84B8BA512A3A3F7C008538C3 /* Release */,
			);
			defaultConfigurationIsVisible = 0;
			defaultConfigurationName = Release;
		};
		84B8BA522A3A3F7C008538C3 /* Build configuration list for PBXNativeTarget "SpringAnimationApp" */ = {
			isa = XCConfigurationList;
			buildConfigurations = (
				84B8BA532A3A3F7C008538C3 /* Debug */,
				84B8BA542A3A3F7C008538C3 /* Release */,
			);
			defaultConfigurationIsVisible = 0;
			defaultConfigurationName = Release;
		};
/* End XCConfigurationList section */

/* Begin XCRemoteSwiftPackageReference section */
		84B8BA592A3A513B008538C3 /* XCRemoteSwiftPackageReference "SpringAnimation" */ = {
			isa = XCRemoteSwiftPackageReference;
			repositoryURL = "https://github.com/LexDeBash/SpringAnimation.git";
			requirement = {
				kind = upToNextMinorVersion;
				minimumVersion = 0.3.0;
			};
		};
/* End XCRemoteSwiftPackageReference section */

/* Begin XCSwiftPackageProductDependency section */
		84B8BA5A2A3A513B008538C3 /* SpringAnimation */ = {
			isa = XCSwiftPackageProductDependency;
			package = 84B8BA592A3A513B008538C3 /* XCRemoteSwiftPackageReference "SpringAnimation" */;
			productName = SpringAnimation;
		};
/* End XCSwiftPackageProductDependency section */
	};
	rootObject = 84B8BA362A3A3F7A008538C3 /* Project object */;
}
